
Microsoft Visual Studio Solution File, Format Version 12.00
# Visual Studio Version 17
VisualStudioVersion = 17.14.37216.2
MinimumVisualStudioVersion = 10.0.40219.1
Project("{FAE04EC0-301F-11D3-BF4B-00C04F79EFBC}") = "KanbanBoard.WebApi", "KanbanBoard.WebApi.csproj", "{1445E54E-DF6A-4A5D-B845-2AF9DBE11128}"
EndProject
Project("{FAE04EC0-301F-11D3-BF4B-00C04F79EFBC}") = "KanbanBoard.BussinessService", "..\KanbanBoard.BussinessService\KanbanBoard.BussinessService.csproj", "{F4105704-BF57-4C1B-AA46-715DB6833893}"
EndProject
Project("{FAE04EC0-301F-11D3-BF4B-00C04F79EFBC}") = "KanbanBoard.DataAccess", "..\KanbanBoard.DataAccess\KanbanBoard.DataAccess.csproj", "{439C9E8B-F06E-4BB8-8DD5-9E22B61352DF}"
EndProject
Project("{2150E333-8FDC-42A3-9474-1A3956D46DE8}") = "gitignore", "gitignore", "{8EC462FD-D22E-90A8-E5CE-7E832BA40C5D}"
	ProjectSection(SolutionItems) = preProject
		.gitignore = .gitignore
	EndProjectSection
EndProject
Global
	GlobalSection(SolutionConfigurationPlatforms) = preSolution
		Debug|Any CPU = Debug|Any CPU
		Release|Any CPU = Release|Any CPU
	EndGlobalSection
	GlobalSection(ProjectConfigurationPlatforms) = postSolution
		{1445E54E-DF6A-4A5D-B845-2AF9DBE11128}.Debug|Any CPU.ActiveCfg = Debug|Any CPU
		{1445E54E-DF6A-4A5D-B845-2AF9DBE11128}.Debug|Any CPU.Build.0 = Debug|Any CPU
		{1445E54E-DF6A-4A5D-B845-2AF9DBE11128}.Release|Any CPU.ActiveCfg = Release|Any CPU
		{1445E54E-DF6A-4A5D-B845-2AF9DBE11128}.Release|Any CPU.Build.0 = Release|Any CPU
		{F4105704-BF57-4C1B-AA46-715DB6833893}.Debug|Any CPU.ActiveCfg = Debug|Any CPU
		{F4105704-BF57-4C1B-AA46-715DB6833893}.Debug|Any CPU.Build.0 = Debug|Any CPU
		{F4105704-BF57-4C1B-AA46-715DB6833893}.Release|Any CPU.ActiveCfg = Release|Any CPU
		{F4105704-BF57-4C1B-AA46-715DB6833893}.Release|Any CPU.Build.0 = Release|Any CPU
		{439C9E8B-F06E-4BB8-8DD5-9E22B61352DF}.Debug|Any CPU.ActiveCfg = Debug|Any CPU
		{439C9E8B-F06E-4BB8-8DD5-9E22B61352DF}.Debug|Any CPU.Build.0 = Debug|Any CPU
		{439C9E8B-F06E-4BB8-8DD5-9E22B61352DF}.Release|Any CPU.ActiveCfg = Release|Any CPU
		{439C9E8B-F06E-4BB8-8DD5-9E22B61352DF}.Release|Any CPU.Build.0 = Release|Any CPU
	EndGlobalSection
	GlobalSection(SolutionProperties) = preSolution
		HideSolutionNode = FALSE
	EndGlobalSection
	GlobalSection(ExtensibilityGlobals) = postSolution
		SolutionGuid = {36CA3464-BD57-4AA3-87DE-1F9F25687AA4}
	EndGlobalSection
EndGlobal
